
Microsoft Visual Studio Solution File, Format Version 12.00
# Visual Studio Version 17
VisualStudioVersion = 17.3.32825.248
MinimumVisualStudioVersion = 10.0.40219.1
Project("{FAE04EC0-301F-11D3-BF4B-00C04F79EFBC}") = "SF2022User{NN}Lib.dll", "SF2022User{NN}Lib.dll\SF2022User{NN}Lib.dll.csproj", "{6D5EF0D3-304A-40D4-B3CE-9DB8D346ECC2}"
EndProject
Project("{FAE04EC0-301F-11D3-BF4B-00C04F79EFBC}") = "UnitTestProject1", "UnitTestProject1\UnitTestProject1.csproj", "{D2D48054-3BF8-45E1-9AD7-E123B7BFD1EF}"
EndProject
Global
	GlobalSection(SolutionConfigurationPlatforms) = preSolution
		Debug|Any CPU = Debug|Any CPU
		Release|Any CPU = Release|Any CPU
	EndGlobalSection
	GlobalSection(ProjectConfigurationPlatforms) = postSolution
		{6D5EF0D3-304A-40D4-B3CE-9DB8D346ECC2}.Debug|Any CPU.ActiveCfg = Debug|Any CPU
		{6D5EF0D3-304A-40D4-B3CE-9DB8D346ECC2}.Debug|Any CPU.Build.0 = Debug|Any CPU
		{6D5EF0D3-304A-40D4-B3CE-9DB8D346ECC2}.Release|Any CPU.ActiveCfg = Release|Any CPU
		{6D5EF0D3-304A-40D4-B3CE-9DB8D346ECC2}.Release|Any CPU.Build.0 = Release|Any CPU
		{D2D48054-3BF8-45E1-9AD7-E123B7BFD1EF}.Debug|Any CPU.ActiveCfg = Debug|Any CPU
		{D2D48054-3BF8-45E1-9AD7-E123B7BFD1EF}.Debug|Any CPU.Build.0 = Debug|Any CPU
		{D2D48054-3BF8-45E1-9AD7-E123B7BFD1EF}.Release|Any CPU.ActiveCfg = Release|Any CPU
		{D2D48054-3BF8-45E1-9AD7-E123B7BFD1EF}.Release|Any CPU.Build.0 = Release|Any CPU
	EndGlobalSection
	GlobalSection(SolutionProperties) = preSolution
		HideSolutionNode = FALSE
	EndGlobalSection
	GlobalSection(ExtensibilityGlobals) = postSolution
		SolutionGuid = {B023CB8D-08C0-4D95-8203-DBC9A926A01A}
	EndGlobalSection
EndGlobal
